
Microsoft Visual Studio Solution File, Format Version 12.00
# Visual Studio Version 17
VisualStudioVersion = 17.0.31903.59
MinimumVisualStudioVersion = 10.0.40219.1
Project("{FAE04EC0-301F-11D3-BF4B-00C04F79EFBC}") = "Expenses.WebApi", "Expenses.WebApi\Expenses.WebApi.csproj", "{EAAEB9E8-131E-42C4-AF44-F9AC66191D5D}"
EndProject
Project("{FAE04EC0-301F-11D3-BF4B-00C04F79EFBC}") = "Expenses.DB", "Expenses.DB\Expenses.DB.csproj", "{5D9D1177-DC0B-4C83-BA4C-49102DA18F16}"
EndProject
Project("{FAE04EC0-301F-11D3-BF4B-00C04F79EFBC}") = "Expenses.Core", "Expenses.Core\Expenses.Core.csproj", "{E4BFFD2A-0187-4AB4-A3AB-066F306B46BE}"
EndProject
Global
	GlobalSection(SolutionConfigurationPlatforms) = preSolution
		Debug|Any CPU = Debug|Any CPU
		Release|Any CPU = Release|Any CPU
	EndGlobalSection
	GlobalSection(ProjectConfigurationPlatforms) = postSolution
		{EAAEB9E8-131E-42C4-AF44-F9AC66191D5D}.Debug|Any CPU.ActiveCfg = Debug|Any CPU
		{EAAEB9E8-131E-42C4-AF44-F9AC66191D5D}.Debug|Any CPU.Build.0 = Debug|Any CPU
		{EAAEB9E8-131E-42C4-AF44-F9AC66191D5D}.Release|Any CPU.ActiveCfg = Release|Any CPU
		{EAAEB9E8-131E-42C4-AF44-F9AC66191D5D}.Release|Any CPU.Build.0 = Release|Any CPU
		{5D9D1177-DC0B-4C83-BA4C-49102DA18F16}.Debug|Any CPU.ActiveCfg = Debug|Any CPU
		{5D9D1177-DC0B-4C83-BA4C-49102DA18F16}.Debug|Any CPU.Build.0 = Debug|Any CPU
		{5D9D1177-DC0B-4C83-BA4C-49102DA18F16}.Release|Any CPU.ActiveCfg = Release|Any CPU
		{5D9D1177-DC0B-4C83-BA4C-49102DA18F16}.Release|Any CPU.Build.0 = Release|Any CPU
		{E4BFFD2A-0187-4AB4-A3AB-066F306B46BE}.Debug|Any CPU.ActiveCfg = Debug|Any CPU
		{E4BFFD2A-0187-4AB4-A3AB-066F306B46BE}.Debug|Any CPU.Build.0 = Debug|Any CPU
		{E4BFFD2A-0187-4AB4-A3AB-066F306B46BE}.Release|Any CPU.ActiveCfg = Release|Any CPU
		{E4BFFD2A-0187-4AB4-A3AB-066F306B46BE}.Release|Any CPU.Build.0 = Release|Any CPU
	EndGlobalSection
	GlobalSection(SolutionProperties) = preSolution
		HideSolutionNode = FALSE
	EndGlobalSection
	GlobalSection(ExtensibilityGlobals) = postSolution
		SolutionGuid = {838B2572-FD46-47E1-A730-9F89D8A7B072}
	EndGlobalSection
EndGlobal
